
Microsoft Visual Studio Solution File, Format Version 12.00
# Visual Studio Version 16
VisualStudioVersion = 16.0.33927.289
MinimumVisualStudioVersion = 10.0.40219.1
Project("{FAE04EC0-301F-11D3-BF4B-00C04F79EFBC}") = "Projeto zoologico", "Projeto zoologico\Projeto zoologico.csproj", "{A33DF182-5407-440E-A7A2-FC9BBC797D3D}"
EndProject
Global
	GlobalSection(SolutionConfigurationPlatforms) = preSolution
		Debug|Any CPU = Debug|Any CPU
		Release|Any CPU = Release|Any CPU
	EndGlobalSection
	GlobalSection(ProjectConfigurationPlatforms) = postSolution
		{A33DF182-5407-440E-A7A2-FC9BBC797D3D}.Debug|Any CPU.ActiveCfg = Debug|Any CPU
		{A33DF182-5407-440E-A7A2-FC9BBC797D3D}.Debug|Any CPU.Build.0 = Debug|Any CPU
		{A33DF182-5407-440E-A7A2-FC9BBC797D3D}.Release|Any CPU.ActiveCfg = Release|Any CPU
		{A33DF182-5407-440E-A7A2-FC9BBC797D3D}.Release|Any CPU.Build.0 = Release|Any CPU
	EndGlobalSection
	GlobalSection(SolutionProperties) = preSolution
		HideSolutionNode = FALSE
	EndGlobalSection
	GlobalSection(ExtensibilityGlobals) = postSolution
		SolutionGuid = {CC64708F-10B4-401D-B28C-637BE28C292C}
	EndGlobalSection
EndGlobal
